
Microsoft Visual Studio Solution File, Format Version 12.00
# Visual Studio Version 17
VisualStudioVersion = 17.3.32929.385
MinimumVisualStudioVersion = 10.0.40219.1
Project("{FAE04EC0-301F-11D3-BF4B-00C04F79EFBC}") = "Names", "Names.csproj", "{4EBB47C3-5B20-42D3-9A48-092821F09544}"
EndProject
Global
	GlobalSection(SolutionConfigurationPlatforms) = preSolution
		Debug|Any CPU = Debug|Any CPU
		Release|Any CPU = Release|Any CPU
	EndGlobalSection
	GlobalSection(ProjectConfigurationPlatforms) = postSolution
		{4EBB47C3-5B20-42D3-9A48-092821F09544}.Debug|Any CPU.ActiveCfg = Debug|Any CPU
		{4EBB47C3-5B20-42D3-9A48-092821F09544}.Debug|Any CPU.Build.0 = Debug|Any CPU
		{4EBB47C3-5B20-42D3-9A48-092821F09544}.Release|Any CPU.ActiveCfg = Release|Any CPU
		{4EBB47C3-5B20-42D3-9A48-092821F09544}.Release|Any CPU.Build.0 = Release|Any CPU
	EndGlobalSection
	GlobalSection(SolutionProperties) = preSolution
		HideSolutionNode = FALSE
	EndGlobalSection
	GlobalSection(ExtensibilityGlobals) = postSolution
		SolutionGuid = {62B16CEF-908A-42F1-A74A-C65FDD6DEA63}
	EndGlobalSection
EndGlobal
